Microsoft Visual Studio Solution File, Format Version 12.00
# Visual Studio Version 17
VisualStudioVersion = 17.5.2.0
MinimumVisualStudioVersion = 10.0.40219.1
Project("{2150E333-8FDC-42A3-9474-1A3956D46DE8}") = "backend", "backend", "{1AE8ACA6-933B-BF2A-3671-3E2EAC007D16}"
EndProject
Project("{FAE04EC0-301F-11D3-BF4B-00C04F79EFBC}") = "FrontPR.Api", "backend\FrontPR.Api.csproj", "{55E3DE34-AADD-0480-8DF2-EA2DC9DE5E5B}"
EndProject
Global
	GlobalSection(SolutionConfigurationPlatforms) = preSolution
		Debug|Any CPU = Debug|Any CPU
		Release|Any CPU = Release|Any CPU
	EndGlobalSection
	GlobalSection(ProjectConfigurationPlatforms) = postSolution
		{55E3DE34-AADD-0480-8DF2-EA2DC9DE5E5B}.Debug|Any CPU.ActiveCfg = Debug|Any CPU
		{55E3DE34-AADD-0480-8DF2-EA2DC9DE5E5B}.Debug|Any CPU.Build.0 = Debug|Any CPU
		{55E3DE34-AADD-0480-8DF2-EA2DC9DE5E5B}.Release|Any CPU.ActiveCfg = Release|Any CPU
		{55E3DE34-AADD-0480-8DF2-EA2DC9DE5E5B}.Release|Any CPU.Build.0 = Release|Any CPU
	EndGlobalSection
	GlobalSection(SolutionProperties) = preSolution
		HideSolutionNode = FALSE
	EndGlobalSection
	GlobalSection(NestedProjects) = preSolution
		{55E3DE34-AADD-0480-8DF2-EA2DC9DE5E5B} = {1AE8ACA6-933B-BF2A-3671-3E2EAC007D16}
	EndGlobalSection
	GlobalSection(ExtensibilityGlobals) = postSolution
		SolutionGuid = {914F7DA4-604D-4A01-99BA-BA0A7E4AD0AA}
	EndGlobalSection
EndGlobal
